{
  "name": "blessed-forms",
  "version": "1.0.0",
  "lockfileVersion": 1,
  "requires": true,
  "dependencies": {
    "blessed": {
      "version": "0.1.81",
      "resolved": "https://nexus.wiztivi.com/repository/wtv-sfr-npm-group/blessed/-/blessed-0.1.81.tgz",
      "integrity": "sha1-+WLWh+wsNpVwrnGvhDJW5tDKESk="
    }
  }
}
